// !$*UTF8*$!
{
	archiveVersion = 1;
	classes = {
	};
	objectVersion = 77;
	objects = {

/* Begin PBXBuildFile section */
		3B81CF1E2D4E330B005C2EF7 /* Preview Assets.xcassets in Resources */ = {isa = PBXBuildFile; fileRef = 3B81CF172D4E330B005C2EF7 /* Preview Assets.xcassets */; };
		3B81CF1F2D4E330B005C2EF7 /* Assets.xcassets in Resources */ = {isa = PBXBuildFile; fileRef = 3B81CF192D4E330B005C2EF7 /* Assets.xcassets */; };
		3B81CF222D4E330B005C2EF7 /* TransactionsSampleApp.swift in Sources */ = {isa = PBXBuildFile; fileRef = 3B81CF1C2D4E330B005C2EF7 /* TransactionsSampleApp.swift */; };
		3B81CF292D4E3314005C2EF7 /* TransactionsSampleUITests.swift in Sources */ = {isa = PBXBuildFile; fileRef = 3B81CF262D4E3314005C2EF7 /* TransactionsSampleUITests.swift */; };
		3B81CF2A2D4E3314005C2EF7 /* TransactionsSampleUITestsLaunchTests.swift in Sources */ = {isa = PBXBuildFile; fileRef = 3B81CF272D4E3314005C2EF7 /* TransactionsSampleUITestsLaunchTests.swift */; };
		3B81CF2C2D4E3324005C2EF7 /* mockdata.json in Resources */ = {isa = PBXBuildFile; fileRef = 3B81CF2B2D4E3324005C2EF7 /* mockdata.json */; };
		3B81CF352D4E3543005C2EF7 /* Swinject in Frameworks */ = {isa = PBXBuildFile; productRef = 3B81CF342D4E3543005C2EF7 /* Swinject */; };
		3B81CF382D4E3572005C2EF7 /* ComposableArchitecture in Frameworks */ = {isa = PBXBuildFile; productRef = 3B81CF372D4E3572005C2EF7 /* ComposableArchitecture */; };
		3B81CF3A2D4E36F6005C2EF7 /* TransactionRepository.swift in Sources */ = {isa = PBXBuildFile; fileRef = 3B81CF392D4E36E1005C2EF7 /* TransactionRepository.swift */; };
		3B81CF3E2D4E3BB1005C2EF7 /* TransactionRepositoryImpl.swift in Sources */ = {isa = PBXBuildFile; fileRef = 3B81CF3D2D4E3BAE005C2EF7 /* TransactionRepositoryImpl.swift */; };
		3B81CF402D4E3C85005C2EF7 /* TransactionItem.swift in Sources */ = {isa = PBXBuildFile; fileRef = 3B81CF3F2D4E3C77005C2EF7 /* TransactionItem.swift */; };
		3B81CF432D4E3CA9005C2EF7 /* JsonLoader.swift in Sources */ = {isa = PBXBuildFile; fileRef = 3B81CF422D4E3CA5005C2EF7 /* JsonLoader.swift */; };
		3B81CF452D4E3D49005C2EF7 /* FetchTransactionListUseCase.swift in Sources */ = {isa = PBXBuildFile; fileRef = 3B81CF442D4E3D35005C2EF7 /* FetchTransactionListUseCase.swift */; };
		3B81CF472D4E3EF6005C2EF7 /* ServiceError.swift in Sources */ = {isa = PBXBuildFile; fileRef = 3B81CF462D4E3EF1005C2EF7 /* ServiceError.swift */; };
		3B81CF4E2D4E3FDB005C2EF7 /* UseCaseTests.swift in Sources */ = {isa = PBXBuildFile; fileRef = 3B81CF4D2D4E3FCE005C2EF7 /* UseCaseTests.swift */; };
		3B81CF532D4E43FC005C2EF7 /* mockdata.json in Resources */ = {isa = PBXBuildFile; fileRef = 3B81CF2B2D4E3324005C2EF7 /* mockdata.json */; };
		3B81CF552D4E46F3005C2EF7 /* DependencyInjector.swift in Sources */ = {isa = PBXBuildFile; fileRef = 3B81CF542D4E46F2005C2EF7 /* DependencyInjector.swift */; };
		3B81CF572D4E4708005C2EF7 /* DomainAssembly.swift in Sources */ = {isa = PBXBuildFile; fileRef = 3B81CF562D4E4707005C2EF7 /* DomainAssembly.swift */; };
		3B81CF592D4E4711005C2EF7 /* DataAssembly.swift in Sources */ = {isa = PBXBuildFile; fileRef = 3B81CF582D4E4710005C2EF7 /* DataAssembly.swift */; };
		3B81CF5B2D4E47E1005C2EF7 /* AppAssembly.swift in Sources */ = {isa = PBXBuildFile; fileRef = 3B81CF5A2D4E47DD005C2EF7 /* AppAssembly.swift */; };
		3B81CF5D2D4E4941005C2EF7 /* TransactionFeature.swift in Sources */ = {isa = PBXBuildFile; fileRef = 3B81CF5C2D4E493E005C2EF7 /* TransactionFeature.swift */; };
		3B81CF5F2D4F2D52005C2EF7 /* TransactionView.swift in Sources */ = {isa = PBXBuildFile; fileRef = 3B81CF5E2D4F2D4F005C2EF7 /* TransactionView.swift */; };
		3B81CF612D4F2D5B005C2EF7 /* TransactionChartView.swift in Sources */ = {isa = PBXBuildFile; fileRef = 3B81CF602D4F2D5A005C2EF7 /* TransactionChartView.swift */; };
		3B81CF632D4F2D66005C2EF7 /* TransactionListView.swift in Sources */ = {isa = PBXBuildFile; fileRef = 3B81CF622D4F2D64005C2EF7 /* TransactionListView.swift */; };
		3B81CF662D4F2E5C005C2EF7 /* TransactionDTO.swift in Sources */ = {isa = PBXBuildFile; fileRef = 3B81CF652D4F2E5A005C2EF7 /* TransactionDTO.swift */; };
		3B81CF682D4F33AB005C2EF7 /* PresentaionAssembly.swift in Sources */ = {isa = PBXBuildFile; fileRef = 3B81CF672D4F33A0005C2EF7 /* PresentaionAssembly.swift */; };
		3B81CF6A2D4F3528005C2EF7 /* TransactionHeaderView.swift in Sources */ = {isa = PBXBuildFile; fileRef = 3B81CF692D4F3524005C2EF7 /* TransactionHeaderView.swift */; };
		3B81CF6C2D4F354C005C2EF7 /* TransactionTabView.swift in Sources */ = {isa = PBXBuildFile; fileRef = 3B81CF6B2D4F3541005C2EF7 /* TransactionTabView.swift */; };
		3B81CF6E2D4F3A2C005C2EF7 /* TransactionBottomView.swift in Sources */ = {isa = PBXBuildFile; fileRef = 3B81CF6D2D4F3A2B005C2EF7 /* TransactionBottomView.swift */; };
		3B81CF722D4F460C005C2EF7 /* Color+.swift in Sources */ = {isa = PBXBuildFile; fileRef = 3B81CF712D4F4608005C2EF7 /* Color+.swift */; };
		3B81CF742D4F4874005C2EF7 /* TransactionChartContentView.swift in Sources */ = {isa = PBXBuildFile; fileRef = 3B81CF732D4F4873005C2EF7 /* TransactionChartContentView.swift */; };
		3B81CF762D4F516F005C2EF7 /* RecentTransactionsView.swift in Sources */ = {isa = PBXBuildFile; fileRef = 3B81CF752D4F5169005C2EF7 /* RecentTransactionsView.swift */; };
		3B81CF792D4F6890005C2EF7 /* DGCharts in Frameworks */ = {isa = PBXBuildFile; productRef = 3B81CF782D4F6890005C2EF7 /* DGCharts */; };
/* End PBXBuildFile section */

/* Begin PBXContainerItemProxy section */
		3B81CEFB2D4E32B4005C2EF7 /* PBXContainerItemProxy */ = {
			isa = PBXContainerItemProxy;
			containerPortal = 3B81CEE02D4E32B3005C2EF7 /* Project object */;
			proxyType = 1;
			remoteGlobalIDString = 3B81CEE72D4E32B3005C2EF7;
			remoteInfo = TransactionsSample;
		};
		3B81CF052D4E32B4005C2EF7 /* PBXContainerItemProxy */ = {
			isa = PBXContainerItemProxy;
			containerPortal = 3B81CEE02D4E32B3005C2EF7 /* Project object */;
			proxyType = 1;
			remoteGlobalIDString = 3B81CEE72D4E32B3005C2EF7;
			remoteInfo = TransactionsSample;
		};
/* End PBXContainerItemProxy section */

/* Begin PBXFileReference section */
		3B81CEE82D4E32B3005C2EF7 /* TransactionsSample.app */ = {isa = PBXFileReference; explicitFileType = wrapper.application; includeInIndex = 0; path = TransactionsSample.app; sourceTree = BUILT_PRODUCTS_DIR; };
		3B81CEFA2D4E32B4005C2EF7 /* TransactionsSampleTests.xctest */ = {isa = PBXFileReference; explicitFileType = wrapper.cfbundle; includeInIndex = 0; path = TransactionsSampleTests.xctest; sourceTree = BUILT_PRODUCTS_DIR; };
		3B81CF042D4E32B4005C2EF7 /* TransactionsSampleUITests.xctest */ = {isa = PBXFileReference; explicitFileType = wrapper.cfbundle; includeInIndex = 0; path = TransactionsSampleUITests.xctest; sourceTree = BUILT_PRODUCTS_DIR; };
		3B81CF172D4E330B005C2EF7 /* Preview Assets.xcassets */ = {isa = PBXFileReference; lastKnownFileType = folder.assetcatalog; path = "Preview Assets.xcassets"; sourceTree = "<group>"; };
		3B81CF192D4E330B005C2EF7 /* Assets.xcassets */ = {isa = PBXFileReference; lastKnownFileType = folder.assetcatalog; path = Assets.xcassets; sourceTree = "<group>"; };
		3B81CF1C2D4E330B005C2EF7 /* TransactionsSampleApp.swift */ = {isa = PBXFileReference; lastKnownFileType = sourcecode.swift; path = TransactionsSampleApp.swift; sourceTree = "<group>"; };
		3B81CF262D4E3314005C2EF7 /* TransactionsSampleUITests.swift */ = {isa = PBXFileReference; lastKnownFileType = sourcecode.swift; path = TransactionsSampleUITests.swift; sourceTree = "<group>"; };
		3B81CF272D4E3314005C2EF7 /* TransactionsSampleUITestsLaunchTests.swift */ = {isa = PBXFileReference; lastKnownFileType = sourcecode.swift; path = TransactionsSampleUITestsLaunchTests.swift; sourceTree = "<group>"; };
		3B81CF2B2D4E3324005C2EF7 /* mockdata.json */ = {isa = PBXFileReference; lastKnownFileType = text.json; path = mockdata.json; sourceTree = "<group>"; };
		3B81CF392D4E36E1005C2EF7 /* TransactionRepository.swift */ = {isa = PBXFileReference; lastKnownFileType = sourcecode.swift; path = TransactionRepository.swift; sourceTree = "<group>"; };
		3B81CF3D2D4E3BAE005C2EF7 /* TransactionRepositoryImpl.swift */ = {isa = PBXFileReference; lastKnownFileType = sourcecode.swift; path = TransactionRepositoryImpl.swift; sourceTree = "<group>"; };
		3B81CF3F2D4E3C77005C2EF7 /* TransactionItem.swift */ = {isa = PBXFileReference; lastKnownFileType = sourcecode.swift; path = TransactionItem.swift; sourceTree = "<group>"; };
		3B81CF422D4E3CA5005C2EF7 /* JsonLoader.swift */ = {isa = PBXFileReference; lastKnownFileType = sourcecode.swift; path = JsonLoader.swift; sourceTree = "<group>"; };
		3B81CF442D4E3D35005C2EF7 /* FetchTransactionListUseCase.swift */ = {isa = PBXFileReference; lastKnownFileType = sourcecode.swift; path = FetchTransactionListUseCase.swift; sourceTree = "<group>"; };
		3B81CF462D4E3EF1005C2EF7 /* ServiceError.swift */ = {isa = PBXFileReference; lastKnownFileType = sourcecode.swift; path = ServiceError.swift; sourceTree = "<group>"; };
		3B81CF4D2D4E3FCE005C2EF7 /* UseCaseTests.swift */ = {isa = PBXFileReference; lastKnownFileType = sourcecode.swift; path = UseCaseTests.swift; sourceTree = "<group>"; };
		3B81CF542D4E46F2005C2EF7 /* DependencyInjector.swift */ = {isa = PBXFileReference; lastKnownFileType = sourcecode.swift; path = DependencyInjector.swift; sourceTree = "<group>"; };
		3B81CF562D4E4707005C2EF7 /* DomainAssembly.swift */ = {isa = PBXFileReference; lastKnownFileType = sourcecode.swift; path = DomainAssembly.swift; sourceTree = "<group>"; };
		3B81CF582D4E4710005C2EF7 /* DataAssembly.swift */ = {isa = PBXFileReference; lastKnownFileType = sourcecode.swift; path = DataAssembly.swift; sourceTree = "<group>"; };
		3B81CF5A2D4E47DD005C2EF7 /* AppAssembly.swift */ = {isa = PBXFileReference; lastKnownFileType = sourcecode.swift; path = AppAssembly.swift; sourceTree = "<group>"; };
		3B81CF5C2D4E493E005C2EF7 /* TransactionFeature.swift */ = {isa = PBXFileReference; lastKnownFileType = sourcecode.swift; path = TransactionFeature.swift; sourceTree = "<group>"; };
		3B81CF5E2D4F2D4F005C2EF7 /* TransactionView.swift */ = {isa = PBXFileReference; lastKnownFileType = sourcecode.swift; path = TransactionView.swift; sourceTree = "<group>"; };
		3B81CF602D4F2D5A005C2EF7 /* TransactionChartView.swift */ = {isa = PBXFileReference; lastKnownFileType = sourcecode.swift; path = TransactionChartView.swift; sourceTree = "<group>"; };
		3B81CF622D4F2D64005C2EF7 /* TransactionListView.swift */ = {isa = PBXFileReference; lastKnownFileType = sourcecode.swift; path = TransactionListView.swift; sourceTree = "<group>"; };
		3B81CF652D4F2E5A005C2EF7 /* TransactionDTO.swift */ = {isa = PBXFileReference; lastKnownFileType = sourcecode.swift; path = TransactionDTO.swift; sourceTree = "<group>"; };
		3B81CF672D4F33A0005C2EF7 /* PresentaionAssembly.swift */ = {isa = PBXFileReference; lastKnownFileType = sourcecode.swift; path = PresentaionAssembly.swift; sourceTree = "<group>"; };
		3B81CF692D4F3524005C2EF7 /* TransactionHeaderView.swift */ = {isa = PBXFileReference; lastKnownFileType = sourcecode.swift; path = TransactionHeaderView.swift; sourceTree = "<group>"; };
		3B81CF6B2D4F3541005C2EF7 /* TransactionTabView.swift */ = {isa = PBXFileReference; lastKnownFileType = sourcecode.swift; path = TransactionTabView.swift; sourceTree = "<group>"; };
		3B81CF6D2D4F3A2B005C2EF7 /* TransactionBottomView.swift */ = {isa = PBXFileReference; lastKnownFileType = sourcecode.swift; path = TransactionBottomView.swift; sourceTree = "<group>"; };
		3B81CF712D4F4608005C2EF7 /* Color+.swift */ = {isa = PBXFileReference; lastKnownFileType = sourcecode.swift; path = "Color+.swift"; sourceTree = "<group>"; };
		3B81CF732D4F4873005C2EF7 /* TransactionChartContentView.swift */ = {isa = PBXFileReference; lastKnownFileType = sourcecode.swift; path = TransactionChartContentView.swift; sourceTree = "<group>"; };
		3B81CF752D4F5169005C2EF7 /* RecentTransactionsView.swift */ = {isa = PBXFileReference; lastKnownFileType = sourcecode.swift; path = RecentTransactionsView.swift; sourceTree = "<group>"; };
/* End PBXFileReference section */

/* Begin PBXFrameworksBuildPhase section */
		3B81CEE52D4E32B3005C2EF7 /* Frameworks */ = {
			isa = PBXFrameworksBuildPhase;
			buildActionMask = 2147483647;
			files = (
				3B81CF382D4E3572005C2EF7 /* ComposableArchitecture in Frameworks */,
				3B81CF792D4F6890005C2EF7 /* DGCharts in Frameworks */,
				3B81CF352D4E3543005C2EF7 /* Swinject in Frameworks */,
			);
			runOnlyForDeploymentPostprocessing = 0;
		};
		3B81CEF72D4E32B4005C2EF7 /* Frameworks */ = {
			isa = PBXFrameworksBuildPhase;
			buildActionMask = 2147483647;
			files = (
			);
			runOnlyForDeploymentPostprocessing = 0;
		};
		3B81CF012D4E32B4005C2EF7 /* Frameworks */ = {
			isa = PBXFrameworksBuildPhase;
			buildActionMask = 2147483647;
			files = (
			);
			runOnlyForDeploymentPostprocessing = 0;
		};
/* End PBXFrameworksBuildPhase section */

/* Begin PBXGroup section */
		3B81CEDF2D4E32B3005C2EF7 = {
			isa = PBXGroup;
			children = (
				3B81CF1D2D4E330B005C2EF7 /* TransactionsSample */,
				3B81CF242D4E3313005C2EF7 /* TransactionsSampleTests */,
				3B81CF282D4E3314005C2EF7 /* TransactionsSampleUITests */,
				3B81CEE92D4E32B3005C2EF7 /* Products */,
			);
			sourceTree = "<group>";
		};
		3B81CEE92D4E32B3005C2EF7 /* Products */ = {
			isa = PBXGroup;
			children = (
				3B81CEE82D4E32B3005C2EF7 /* TransactionsSample.app */,
				3B81CEFA2D4E32B4005C2EF7 /* TransactionsSampleTests.xctest */,
				3B81CF042D4E32B4005C2EF7 /* TransactionsSampleUITests.xctest */,
			);
			name = Products;
			sourceTree = "<group>";
		};
		3B81CF182D4E330B005C2EF7 /* Preview Content */ = {
			isa = PBXGroup;
			children = (
				3B81CF172D4E330B005C2EF7 /* Preview Assets.xcassets */,
			);
			path = "Preview Content";
			sourceTree = "<group>";
		};
		3B81CF1D2D4E330B005C2EF7 /* TransactionsSample */ = {
			isa = PBXGroup;
			children = (
				3B81CF2E2D4E34C4005C2EF7 /* Dependencies */,
				3B81CF2F2D4E34CF005C2EF7 /* Applications */,
				3B81CF6F2D4F45F3005C2EF7 /* Uitlls */,
				3B81CF2D2D4E34A6005C2EF7 /* Resources */,
				3B81CF322D4E34ED005C2EF7 /* Presentation */,
				3B81CF312D4E34E9005C2EF7 /* Domain */,
				3B81CF302D4E34E5005C2EF7 /* Data */,
				3B81CF182D4E330B005C2EF7 /* Preview Content */,
			);
			path = TransactionsSample;
			sourceTree = "<group>";
		};
		3B81CF242D4E3313005C2EF7 /* TransactionsSampleTests */ = {
			isa = PBXGroup;
			children = (
				3B81CF4D2D4E3FCE005C2EF7 /* UseCaseTests.swift */,
			);
			path = TransactionsSampleTests;
			sourceTree = "<group>";
		};
		3B81CF282D4E3314005C2EF7 /* TransactionsSampleUITests */ = {
			isa = PBXGroup;
			children = (
				3B81CF262D4E3314005C2EF7 /* TransactionsSampleUITests.swift */,
				3B81CF272D4E3314005C2EF7 /* TransactionsSampleUITestsLaunchTests.swift */,
			);
			path = TransactionsSampleUITests;
			sourceTree = "<group>";
		};
		3B81CF2D2D4E34A6005C2EF7 /* Resources */ = {
			isa = PBXGroup;
			children = (
				3B81CF192D4E330B005C2EF7 /* Assets.xcassets */,
			);
			path = Resources;
			sourceTree = "<group>";
		};
		3B81CF2E2D4E34C4005C2EF7 /* Dependencies */ = {
			isa = PBXGroup;
			children = (
				3B81CF542D4E46F2005C2EF7 /* DependencyInjector.swift */,
				3B81CF562D4E4707005C2EF7 /* DomainAssembly.swift */,
				3B81CF582D4E4710005C2EF7 /* DataAssembly.swift */,
				3B81CF672D4F33A0005C2EF7 /* PresentaionAssembly.swift */,
				3B81CF5A2D4E47DD005C2EF7 /* AppAssembly.swift */,
			);
			path = Dependencies;
			sourceTree = "<group>";
		};
		3B81CF2F2D4E34CF005C2EF7 /* Applications */ = {
			isa = PBXGroup;
			children = (
				3B81CF1C2D4E330B005C2EF7 /* TransactionsSampleApp.swift */,
			);
			path = Applications;
			sourceTree = "<group>";
		};
		3B81CF302D4E34E5005C2EF7 /* Data */ = {
			isa = PBXGroup;
			children = (
				3B81CF642D4F2E52005C2EF7 /* DataTransfer */,
				3B81CF522D4E4219005C2EF7 /* Mock */,
				3B81CF4C2D4E3F38005C2EF7 /* DataSources */,
				3B81CF4B2D4E3F2E005C2EF7 /* Repositories */,
			);
			path = Data;
			sourceTree = "<group>";
		};
		3B81CF312D4E34E9005C2EF7 /* Domain */ = {
			isa = PBXGroup;
			children = (
				3B81CF4A2D4E3F1D005C2EF7 /* Interfaces */,
				3B81CF492D4E3F12005C2EF7 /* UseCases */,
				3B81CF482D4E3F0C005C2EF7 /* Entities */,
			);
			path = Domain;
			sourceTree = "<group>";
		};
		3B81CF322D4E34ED005C2EF7 /* Presentation */ = {
			isa = PBXGroup;
			children = (
				3B81CF5C2D4E493E005C2EF7 /* TransactionFeature.swift */,
				3B81CF5E2D4F2D4F005C2EF7 /* TransactionView.swift */,
				3B81CF692D4F3524005C2EF7 /* TransactionHeaderView.swift */,
				3B81CF6B2D4F3541005C2EF7 /* TransactionTabView.swift */,
				3B81CF602D4F2D5A005C2EF7 /* TransactionChartView.swift */,
				3B81CF732D4F4873005C2EF7 /* TransactionChartContentView.swift */,
				3B81CF752D4F5169005C2EF7 /* RecentTransactionsView.swift */,
				3B81CF622D4F2D64005C2EF7 /* TransactionListView.swift */,
				3B81CF6D2D4F3A2B005C2EF7 /* TransactionBottomView.swift */,
			);
			path = Presentation;
			sourceTree = "<group>";
		};
		3B81CF482D4E3F0C005C2EF7 /* Entities */ = {
			isa = PBXGroup;
			children = (
				3B81CF462D4E3EF1005C2EF7 /* ServiceError.swift */,
				3B81CF3F2D4E3C77005C2EF7 /* TransactionItem.swift */,
			);
			path = Entities;
			sourceTree = "<group>";
		};
		3B81CF492D4E3F12005C2EF7 /* UseCases */ = {
			isa = PBXGroup;
			children = (
				3B81CF442D4E3D35005C2EF7 /* FetchTransactionListUseCase.swift */,
			);
			path = UseCases;
			sourceTree = "<group>";
		};
		3B81CF4A2D4E3F1D005C2EF7 /* Interfaces */ = {
			isa = PBXGroup;
			children = (
				3B81CF392D4E36E1005C2EF7 /* TransactionRepository.swift */,
			);
			path = Interfaces;
			sourceTree = "<group>";
		};
		3B81CF4B2D4E3F2E005C2EF7 /* Repositories */ = {
			isa = PBXGroup;
			children = (
				3B81CF3D2D4E3BAE005C2EF7 /* TransactionRepositoryImpl.swift */,
			);
			path = Repositories;
			sourceTree = "<group>";
		};
		3B81CF4C2D4E3F38005C2EF7 /* DataSources */ = {
			isa = PBXGroup;
			children = (
				3B81CF422D4E3CA5005C2EF7 /* JsonLoader.swift */,
			);
			path = DataSources;
			sourceTree = "<group>";
		};
		3B81CF522D4E4219005C2EF7 /* Mock */ = {
			isa = PBXGroup;
			children = (
				3B81CF2B2D4E3324005C2EF7 /* mockdata.json */,
			);
			path = Mock;
			sourceTree = "<group>";
		};
		3B81CF642D4F2E52005C2EF7 /* DataTransfer */ = {
			isa = PBXGroup;
			children = (
				3B81CF652D4F2E5A005C2EF7 /* TransactionDTO.swift */,
			);
			path = DataTransfer;
			sourceTree = "<group>";
		};
		3B81CF6F2D4F45F3005C2EF7 /* Uitlls */ = {
			isa = PBXGroup;
			children = (
				3B81CF702D4F45FD005C2EF7 /* Extension */,
			);
			path = Uitlls;
			sourceTree = "<group>";
		};
		3B81CF702D4F45FD005C2EF7 /* Extension */ = {
			isa = PBXGroup;
			children = (
				3B81CF712D4F4608005C2EF7 /* Color+.swift */,
			);
			path = Extension;
			sourceTree = "<group>";
		};
/* End PBXGroup section */

/* Begin PBXNativeTarget section */
		3B81CEE72D4E32B3005C2EF7 /* TransactionsSample */ = {
			isa = PBXNativeTarget;
			buildConfigurationList = 3B81CF0E2D4E32B4005C2EF7 /* Build configuration list for PBXNativeTarget "TransactionsSample" */;
			buildPhases = (
				3B81CEE42D4E32B3005C2EF7 /* Sources */,
				3B81CEE52D4E32B3005C2EF7 /* Frameworks */,
				3B81CEE62D4E32B3005C2EF7 /* Resources */,
			);
			buildRules = (
			);
			dependencies = (
			);
			name = TransactionsSample;
			packageProductDependencies = (
				3B81CF342D4E3543005C2EF7 /* Swinject */,
				3B81CF372D4E3572005C2EF7 /* ComposableArchitecture */,
				3B81CF782D4F6890005C2EF7 /* DGCharts */,
			);
			productName = TransactionsSample;
			productReference = 3B81CEE82D4E32B3005C2EF7 /* TransactionsSample.app */;
			productType = "com.apple.product-type.application";
		};
		3B81CEF92D4E32B4005C2EF7 /* TransactionsSampleTests */ = {
			isa = PBXNativeTarget;
			buildConfigurationList = 3B81CF112D4E32B4005C2EF7 /* Build configuration list for PBXNativeTarget "TransactionsSampleTests" */;
			buildPhases = (
				3B81CEF62D4E32B4005C2EF7 /* Sources */,
				3B81CEF72D4E32B4005C2EF7 /* Frameworks */,
				3B81CEF82D4E32B4005C2EF7 /* Resources */,
			);
			buildRules = (
			);
			dependencies = (
				3B81CEFC2D4E32B4005C2EF7 /* PBXTargetDependency */,
			);
			name = TransactionsSampleTests;
			packageProductDependencies = (
			);
			productName = TransactionsSampleTests;
			productReference = 3B81CEFA2D4E32B4005C2EF7 /* TransactionsSampleTests.xctest */;
			productType = "com.apple.product-type.bundle.unit-test";
		};
		3B81CF032D4E32B4005C2EF7 /* TransactionsSampleUITests */ = {
			isa = PBXNativeTarget;
			buildConfigurationList = 3B81CF142D4E32B4005C2EF7 /* Build configuration list for PBXNativeTarget "TransactionsSampleUITests" */;
			buildPhases = (
				3B81CF002D4E32B4005C2EF7 /* Sources */,
				3B81CF012D4E32B4005C2EF7 /* Frameworks */,
				3B81CF022D4E32B4005C2EF7 /* Resources */,
			);
			buildRules = (
			);
			dependencies = (
				3B81CF062D4E32B4005C2EF7 /* PBXTargetDependency */,
			);
			name = TransactionsSampleUITests;
			packageProductDependencies = (
			);
			productName = TransactionsSampleUITests;
			productReference = 3B81CF042D4E32B4005C2EF7 /* TransactionsSampleUITests.xctest */;
			productType = "com.apple.product-type.bundle.ui-testing";
		};
/* End PBXNativeTarget section */

/* Begin PBXProject section */
		3B81CEE02D4E32B3005C2EF7 /* Project object */ = {
			isa = PBXProject;
			attributes = {
				BuildIndependentTargetsInParallel = 1;
				LastSwiftUpdateCheck = 1610;
				LastUpgradeCheck = 1610;
				TargetAttributes = {
					3B81CEE72D4E32B3005C2EF7 = {
						CreatedOnToolsVersion = 16.1;
					};
					3B81CEF92D4E32B4005C2EF7 = {
						CreatedOnToolsVersion = 16.1;
						TestTargetID = 3B81CEE72D4E32B3005C2EF7;
					};
					3B81CF032D4E32B4005C2EF7 = {
						CreatedOnToolsVersion = 16.1;
						TestTargetID = 3B81CEE72D4E32B3005C2EF7;
					};
				};
			};
			buildConfigurationList = 3B81CEE32D4E32B3005C2EF7 /* Build configuration list for PBXProject "TransactionsSample" */;
			developmentRegion = en;
			hasScannedForEncodings = 0;
			knownRegions = (
				en,
				Base,
			);
			mainGroup = 3B81CEDF2D4E32B3005C2EF7;
			minimizedProjectReferenceProxies = 1;
			packageReferences = (
				3B81CF332D4E3543005C2EF7 /* XCRemoteSwiftPackageReference "Swinject" */,
				3B81CF362D4E3572005C2EF7 /* XCRemoteSwiftPackageReference "swift-composable-architecture" */,
				3B81CF772D4F6890005C2EF7 /* XCRemoteSwiftPackageReference "Charts" */,
			);
			preferredProjectObjectVersion = 77;
			productRefGroup = 3B81CEE92D4E32B3005C2EF7 /* Products */;
			projectDirPath = "";
			projectRoot = "";
			targets = (
				3B81CEE72D4E32B3005C2EF7 /* TransactionsSample */,
				3B81CEF92D4E32B4005C2EF7 /* TransactionsSampleTests */,
				3B81CF032D4E32B4005C2EF7 /* TransactionsSampleUITests */,
			);
		};
/* End PBXProject section */

/* Begin PBXResourcesBuildPhase section */
		3B81CEE62D4E32B3005C2EF7 /* Resources */ = {
			isa = PBXResourcesBuildPhase;
			buildActionMask = 2147483647;
			files = (
				3B81CF1E2D4E330B005C2EF7 /* Preview Assets.xcassets in Resources */,
				3B81CF1F2D4E330B005C2EF7 /* Assets.xcassets in Resources */,
				3B81CF2C2D4E3324005C2EF7 /* mockdata.json in Resources */,
			);
			runOnlyForDeploymentPostprocessing = 0;
		};
		3B81CEF82D4E32B4005C2EF7 /* Resources */ = {
			isa = PBXResourcesBuildPhase;
			buildActionMask = 2147483647;
			files = (
				3B81CF532D4E43FC005C2EF7 /* mockdata.json in Resources */,
			);
			runOnlyForDeploymentPostprocessing = 0;
		};
		3B81CF022D4E32B4005C2EF7 /* Resources */ = {
			isa = PBXResourcesBuildPhase;
			buildActionMask = 2147483647;
			files = (
			);
			runOnlyForDeploymentPostprocessing = 0;
		};
/* End PBXResourcesBuildPhase section */

/* Begin PBXSourcesBuildPhase section */
		3B81CEE42D4E32B3005C2EF7 /* Sources */ = {
			isa = PBXSourcesBuildPhase;
			buildActionMask = 2147483647;
			files = (
				3B81CF762D4F516F005C2EF7 /* RecentTransactionsView.swift in Sources */,
				3B81CF472D4E3EF6005C2EF7 /* ServiceError.swift in Sources */,
				3B81CF722D4F460C005C2EF7 /* Color+.swift in Sources */,
				3B81CF6C2D4F354C005C2EF7 /* TransactionTabView.swift in Sources */,
				3B81CF5F2D4F2D52005C2EF7 /* TransactionView.swift in Sources */,
				3B81CF452D4E3D49005C2EF7 /* FetchTransactionListUseCase.swift in Sources */,
				3B81CF402D4E3C85005C2EF7 /* TransactionItem.swift in Sources */,
				3B81CF552D4E46F3005C2EF7 /* DependencyInjector.swift in Sources */,
				3B81CF3E2D4E3BB1005C2EF7 /* TransactionRepositoryImpl.swift in Sources */,
				3B81CF5B2D4E47E1005C2EF7 /* AppAssembly.swift in Sources */,
				3B81CF612D4F2D5B005C2EF7 /* TransactionChartView.swift in Sources */,
				3B81CF682D4F33AB005C2EF7 /* PresentaionAssembly.swift in Sources */,
				3B81CF6A2D4F3528005C2EF7 /* TransactionHeaderView.swift in Sources */,
				3B81CF5D2D4E4941005C2EF7 /* TransactionFeature.swift in Sources */,
				3B81CF6E2D4F3A2C005C2EF7 /* TransactionBottomView.swift in Sources */,
				3B81CF662D4F2E5C005C2EF7 /* TransactionDTO.swift in Sources */,
				3B81CF592D4E4711005C2EF7 /* DataAssembly.swift in Sources */,
				3B81CF3A2D4E36F6005C2EF7 /* TransactionRepository.swift in Sources */,
				3B81CF632D4F2D66005C2EF7 /* TransactionListView.swift in Sources */,
				3B81CF572D4E4708005C2EF7 /* DomainAssembly.swift in Sources */,
				3B81CF432D4E3CA9005C2EF7 /* JsonLoader.swift in Sources */,
				3B81CF222D4E330B005C2EF7 /* TransactionsSampleApp.swift in Sources */,
				3B81CF742D4F4874005C2EF7 /* TransactionChartContentView.swift in Sources */,
			);
			runOnlyForDeploymentPostprocessing = 0;
		};
		3B81CEF62D4E32B4005C2EF7 /* Sources */ = {
			isa = PBXSourcesBuildPhase;
			buildActionMask = 2147483647;
			files = (
				3B81CF4E2D4E3FDB005C2EF7 /* UseCaseTests.swift in Sources */,
			);
			runOnlyForDeploymentPostprocessing = 0;
		};
		3B81CF002D4E32B4005C2EF7 /* Sources */ = {
			isa = PBXSourcesBuildPhase;
			buildActionMask = 2147483647;
			files = (
				3B81CF292D4E3314005C2EF7 /* TransactionsSampleUITests.swift in Sources */,
				3B81CF2A2D4E3314005C2EF7 /* TransactionsSampleUITestsLaunchTests.swift in Sources */,
			);
			runOnlyForDeploymentPostprocessing = 0;
		};
/* End PBXSourcesBuildPhase section */

/* Begin PBXTargetDependency section */
		3B81CEFC2D4E32B4005C2EF7 /* PBXTargetDependency */ = {
			isa = PBXTargetDependency;
			target = 3B81CEE72D4E32B3005C2EF7 /* TransactionsSample */;
			targetProxy = 3B81CEFB2D4E32B4005C2EF7 /* PBXContainerItemProxy */;
		};
		3B81CF062D4E32B4005C2EF7 /* PBXTargetDependency */ = {
			isa = PBXTargetDependency;
			target = 3B81CEE72D4E32B3005C2EF7 /* TransactionsSample */;
			targetProxy = 3B81CF052D4E32B4005C2EF7 /* PBXContainerItemProxy */;
		};
/* End PBXTargetDependency section */

/* Begin XCBuildConfiguration section */
		3B81CF0C2D4E32B4005C2EF7 /* Debug */ = {
			isa = XCBuildConfiguration;
			buildSettings = {
				ALWAYS_SEARCH_USER_PATHS = NO;
				ASSETCATALOG_COMPILER_GENERATE_SWIFT_ASSET_SYMBOL_EXTENSIONS = YES;
				CLANG_ANALYZER_NONNULL = YES;
				CLANG_ANALYZER_NUMBER_OBJECT_CONVERSION = YES_AGGRESSIVE;
				CLANG_CXX_LANGUAGE_STANDARD = "gnu++20";
				CLANG_ENABLE_MODULES = YES;
				CLANG_ENABLE_OBJC_ARC = YES;
				CLANG_ENABLE_OBJC_WEAK = YES;
				CLANG_WARN_BLOCK_CAPTURE_AUTORELEASING = YES;
				CLANG_WARN_BOOL_CONVERSION = YES;
				CLANG_WARN_COMMA = YES;
				CLANG_WARN_CONSTANT_CONVERSION = YES;
				CLANG_WARN_DEPRECATED_OBJC_IMPLEMENTATIONS = YES;
				CLANG_WARN_DIRECT_OBJC_ISA_USAGE = YES_ERROR;
				CLANG_WARN_DOCUMENTATION_COMMENTS = YES;
				CLANG_WARN_EMPTY_BODY = YES;
				CLANG_WARN_ENUM_CONVERSION = YES;
				CLANG_WARN_INFINITE_RECURSION = YES;
				CLANG_WARN_INT_CONVERSION = YES;
				CLANG_WARN_NON_LITERAL_NULL_CONVERSION = YES;
				CLANG_WARN_OBJC_IMPLICIT_RETAIN_SELF = YES;
				CLANG_WARN_OBJC_LITERAL_CONVERSION = YES;
				CLANG_WARN_OBJC_ROOT_CLASS = YES_ERROR;
				CLANG_WARN_QUOTED_INCLUDE_IN_FRAMEWORK_HEADER = YES;
				CLANG_WARN_RANGE_LOOP_ANALYSIS = YES;
				CLANG_WARN_STRICT_PROTOTYPES = YES;
				CLANG_WARN_SUSPICIOUS_MOVE = YES;
				CLANG_WARN_UNGUARDED_AVAILABILITY = YES_AGGRESSIVE;
				CLANG_WARN_UNREACHABLE_CODE = YES;
				CLANG_WARN__DUPLICATE_METHOD_MATCH = YES;
				COPY_PHASE_STRIP = NO;
				DEBUG_INFORMATION_FORMAT = dwarf;
				ENABLE_STRICT_OBJC_MSGSEND = YES;
				ENABLE_TESTABILITY = YES;
				ENABLE_USER_SCRIPT_SANDBOXING = YES;
				GCC_C_LANGUAGE_STANDARD = gnu17;
				GCC_DYNAMIC_NO_PIC = NO;
				GCC_NO_COMMON_BLOCKS = YES;
				GCC_OPTIMIZATION_LEVEL = 0;
				GCC_PREPROCESSOR_DEFINITIONS = (
					"DEBUG=1",
					"$(inherited)",
				);
				GCC_WARN_64_TO_32_BIT_CONVERSION = YES;
				GCC_WARN_ABOUT_RETURN_TYPE = YES_ERROR;
				GCC_WARN_UNDECLARED_SELECTOR = YES;
				GCC_WARN_UNINITIALIZED_AUTOS = YES_AGGRESSIVE;
				GCC_WARN_UNUSED_FUNCTION = YES;
				GCC_WARN_UNUSED_VARIABLE = YES;
				IPHONEOS_DEPLOYMENT_TARGET = 18.1;
				LOCALIZATION_PREFERS_STRING_CATALOGS = YES;
				MTL_ENABLE_DEBUG_INFO = INCLUDE_SOURCE;
				MTL_FAST_MATH = YES;
				ONLY_ACTIVE_ARCH = YES;
				SDKROOT = iphoneos;
				SWIFT_ACTIVE_COMPILATION_CONDITIONS = "DEBUG $(inherited)";
				SWIFT_OPTIMIZATION_LEVEL = "-Onone";
			};
			name = Debug;
		};
		3B81CF0D2D4E32B4005C2EF7 /* Release */ = {
			isa = XCBuildConfiguration;
			buildSettings = {
				ALWAYS_SEARCH_USER_PATHS = NO;
				ASSETCATALOG_COMPILER_GENERATE_SWIFT_ASSET_SYMBOL_EXTENSIONS = YES;
				CLANG_ANALYZER_NONNULL = YES;
				CLANG_ANALYZER_NUMBER_OBJECT_CONVERSION = YES_AGGRESSIVE;
				CLANG_CXX_LANGUAGE_STANDARD = "gnu++20";
				CLANG_ENABLE_MODULES = YES;
				CLANG_ENABLE_OBJC_ARC = YES;
				CLANG_ENABLE_OBJC_WEAK = YES;
				CLANG_WARN_BLOCK_CAPTURE_AUTORELEASING = YES;
				CLANG_WARN_BOOL_CONVERSION = YES;
				CLANG_WARN_COMMA = YES;
				CLANG_WARN_CONSTANT_CONVERSION = YES;
				CLANG_WARN_DEPRECATED_OBJC_IMPLEMENTATIONS = YES;
				CLANG_WARN_DIRECT_OBJC_ISA_USAGE = YES_ERROR;
				CLANG_WARN_DOCUMENTATION_COMMENTS = YES;
				CLANG_WARN_EMPTY_BODY = YES;
				CLANG_WARN_ENUM_CONVERSION = YES;
				CLANG_WARN_INFINITE_RECURSION = YES;
				CLANG_WARN_INT_CONVERSION = YES;
				CLANG_WARN_NON_LITERAL_NULL_CONVERSION = YES;
				CLANG_WARN_OBJC_IMPLICIT_RETAIN_SELF = YES;
				CLANG_WARN_OBJC_LITERAL_CONVERSION = YES;
				CLANG_WARN_OBJC_ROOT_CLASS = YES_ERROR;
				CLANG_WARN_QUOTED_INCLUDE_IN_FRAMEWORK_HEADER = YES;
				CLANG_WARN_RANGE_LOOP_ANALYSIS = YES;
				CLANG_WARN_STRICT_PROTOTYPES = YES;
				CLANG_WARN_SUSPICIOUS_MOVE = YES;
				CLANG_WARN_UNGUARDED_AVAILABILITY = YES_AGGRESSIVE;
				CLANG_WARN_UNREACHABLE_CODE = YES;
				CLANG_WARN__DUPLICATE_METHOD_MATCH = YES;
				COPY_PHASE_STRIP = NO;
				DEBUG_INFORMATION_FORMAT = "dwarf-with-dsym";
				ENABLE_NS_ASSERTIONS = NO;
				ENABLE_STRICT_OBJC_MSGSEND = YES;
				ENABLE_USER_SCRIPT_SANDBOXING = YES;
				GCC_C_LANGUAGE_STANDARD = gnu17;
				GCC_NO_COMMON_BLOCKS = YES;
				GCC_WARN_64_TO_32_BIT_CONVERSION = YES;
				GCC_WARN_ABOUT_RETURN_TYPE = YES_ERROR;
				GCC_WARN_UNDECLARED_SELECTOR = YES;
				GCC_WARN_UNINITIALIZED_AUTOS = YES_AGGRESSIVE;
				GCC_WARN_UNUSED_FUNCTION = YES;
				GCC_WARN_UNUSED_VARIABLE = YES;
				IPHONEOS_DEPLOYMENT_TARGET = 18.1;
				LOCALIZATION_PREFERS_STRING_CATALOGS = YES;
				MTL_ENABLE_DEBUG_INFO = NO;
				MTL_FAST_MATH = YES;
				SDKROOT = iphoneos;
				SWIFT_COMPILATION_MODE = wholemodule;
				VALIDATE_PRODUCT = YES;
			};
			name = Release;
		};
		3B81CF0F2D4E32B4005C2EF7 /* Debug */ = {
			isa = XCBuildConfiguration;
			buildSettings = {
				ASSETCATALOG_COMPILER_APPICON_NAME = AppIcon;
				ASSETCATALOG_COMPILER_GLOBAL_ACCENT_COLOR_NAME = AccentColor;
				CODE_SIGN_STYLE = Automatic;
				CURRENT_PROJECT_VERSION = 1;
				DEVELOPMENT_ASSET_PATHS = "\"TransactionsSample/Preview Content\"";
				DEVELOPMENT_TEAM = 7ZGFAWH8RN;
				ENABLE_PREVIEWS = YES;
				GENERATE_INFOPLIST_FILE = YES;
				INFOPLIST_KEY_UIApplicationSceneManifest_Generation = YES;
				INFOPLIST_KEY_UIApplicationSupportsIndirectInputEvents = YES;
				INFOPLIST_KEY_UILaunchScreen_Generation = YES;
				INFOPLIST_KEY_UISupportedInterfaceOrientations_iPad = "UIInterfaceOrientationPortrait UIInterfaceOrientationPortraitUpsideDown UIInterfaceOrientationLandscapeLeft UIInterfaceOrientationLandscapeRight";
				INFOPLIST_KEY_UISupportedInterfaceOrientations_iPhone = "UIInterfaceOrientationPortrait UIInterfaceOrientationLandscapeLeft UIInterfaceOrientationLandscapeRight";
				LD_RUNPATH_SEARCH_PATHS = (
					"$(inherited)",
					"@executable_path/Frameworks",
				);
				MARKETING_VERSION = 1.0;
				PRODUCT_BUNDLE_IDENTIFIER = com.jellabean.TransactionsSample;
				PRODUCT_NAME = "$(TARGET_NAME)";
				SWIFT_EMIT_LOC_STRINGS = YES;
				SWIFT_VERSION = 5.0;
				TARGETED_DEVICE_FAMILY = "1,2";
			};
			name = Debug;
		};
		3B81CF102D4E32B4005C2EF7 /* Release */ = {
			isa = XCBuildConfiguration;
			buildSettings = {
				ASSETCATALOG_COMPILER_APPICON_NAME = AppIcon;
				ASSETCATALOG_COMPILER_GLOBAL_ACCENT_COLOR_NAME = AccentColor;
				CODE_SIGN_STYLE = Automatic;
				CURRENT_PROJECT_VERSION = 1;
				DEVELOPMENT_ASSET_PATHS = "\"TransactionsSample/Preview Content\"";
				DEVELOPMENT_TEAM = 7ZGFAWH8RN;
				ENABLE_PREVIEWS = YES;
				GENERATE_INFOPLIST_FILE = YES;
				INFOPLIST_KEY_UIApplicationSceneManifest_Generation = YES;
				INFOPLIST_KEY_UIApplicationSupportsIndirectInputEvents = YES;
				INFOPLIST_KEY_UILaunchScreen_Generation = YES;
				INFOPLIST_KEY_UISupportedInterfaceOrientations_iPad = "UIInterfaceOrientationPortrait UIInterfaceOrientationPortraitUpsideDown UIInterfaceOrientationLandscapeLeft UIInterfaceOrientationLandscapeRight";
				INFOPLIST_KEY_UISupportedInterfaceOrientations_iPhone = "UIInterfaceOrientationPortrait UIInterfaceOrientationLandscapeLeft UIInterfaceOrientationLandscapeRight";
				LD_RUNPATH_SEARCH_PATHS = (
					"$(inherited)",
					"@executable_path/Frameworks",
				);
				MARKETING_VERSION = 1.0;
				PRODUCT_BUNDLE_IDENTIFIER = com.jellabean.TransactionsSample;
				PRODUCT_NAME = "$(TARGET_NAME)";
				SWIFT_EMIT_LOC_STRINGS = YES;
				SWIFT_VERSION = 5.0;
				TARGETED_DEVICE_FAMILY = "1,2";
			};
			name = Release;
		};
		3B81CF122D4E32B4005C2EF7 /* Debug */ = {
			isa = XCBuildConfiguration;
			buildSettings = {
				BUNDLE_LOADER = "$(TEST_HOST)";
				CODE_SIGN_STYLE = Automatic;
				CURRENT_PROJECT_VERSION = 1;
				DEVELOPMENT_TEAM = 7ZGFAWH8RN;
				GENERATE_INFOPLIST_FILE = YES;
				IPHONEOS_DEPLOYMENT_TARGET = 18.1;
				MARKETING_VERSION = 1.0;
				PRODUCT_BUNDLE_IDENTIFIER = com.jellabean.TransactionsSampleTests;
				PRODUCT_NAME = "$(TARGET_NAME)";
				SWIFT_EMIT_LOC_STRINGS = NO;
				SWIFT_VERSION = 5.0;
				TARGETED_DEVICE_FAMILY = "1,2";
				TEST_HOST = "$(BUILT_PRODUCTS_DIR)/TransactionsSample.app/$(BUNDLE_EXECUTABLE_FOLDER_PATH)/TransactionsSample";
			};
			name = Debug;
		};
		3B81CF132D4E32B4005C2EF7 /* Release */ = {
			isa = XCBuildConfiguration;
			buildSettings = {
				BUNDLE_LOADER = "$(TEST_HOST)";
				CODE_SIGN_STYLE = Automatic;
				CURRENT_PROJECT_VERSION = 1;
				DEVELOPMENT_TEAM = 7ZGFAWH8RN;
				GENERATE_INFOPLIST_FILE = YES;
				IPHONEOS_DEPLOYMENT_TARGET = 18.1;
				MARKETING_VERSION = 1.0;
				PRODUCT_BUNDLE_IDENTIFIER = com.jellabean.TransactionsSampleTests;
				PRODUCT_NAME = "$(TARGET_NAME)";
				SWIFT_EMIT_LOC_STRINGS = NO;
				SWIFT_VERSION = 5.0;
				TARGETED_DEVICE_FAMILY = "1,2";
				TEST_HOST = "$(BUILT_PRODUCTS_DIR)/TransactionsSample.app/$(BUNDLE_EXECUTABLE_FOLDER_PATH)/TransactionsSample";
			};
			name = Release;
		};
		3B81CF152D4E32B4005C2EF7 /* Debug */ = {
			isa = XCBuildConfiguration;
			buildSettings = {
				CODE_SIGN_STYLE = Automatic;
				CURRENT_PROJECT_VERSION = 1;
				DEVELOPMENT_TEAM = 7ZGFAWH8RN;
				GENERATE_INFOPLIST_FILE = YES;
				MARKETING_VERSION = 1.0;
				PRODUCT_BUNDLE_IDENTIFIER = com.jellabean.TransactionsSampleUITests;
				PRODUCT_NAME = "$(TARGET_NAME)";
				SWIFT_EMIT_LOC_STRINGS = NO;
				SWIFT_VERSION = 5.0;
				TARGETED_DEVICE_FAMILY = "1,2";
				TEST_TARGET_NAME = TransactionsSample;
			};
			name = Debug;
		};
		3B81CF162D4E32B4005C2EF7 /* Release */ = {
			isa = XCBuildConfiguration;
			buildSettings = {
				CODE_SIGN_STYLE = Automatic;
				CURRENT_PROJECT_VERSION = 1;
				DEVELOPMENT_TEAM = 7ZGFAWH8RN;
				GENERATE_INFOPLIST_FILE = YES;
				MARKETING_VERSION = 1.0;
				PRODUCT_BUNDLE_IDENTIFIER = com.jellabean.TransactionsSampleUITests;
				PRODUCT_NAME = "$(TARGET_NAME)";
				SWIFT_EMIT_LOC_STRINGS = NO;
				SWIFT_VERSION = 5.0;
				TARGETED_DEVICE_FAMILY = "1,2";
				TEST_TARGET_NAME = TransactionsSample;
			};
			name = Release;
		};
/* End XCBuildConfiguration section */

/* Begin XCConfigurationList section */
		3B81CEE32D4E32B3005C2EF7 /* Build configuration list for PBXProject "TransactionsSample" */ = {
			isa = XCConfigurationList;
			buildConfigurations = (
				3B81CF0C2D4E32B4005C2EF7 /* Debug */,
				3B81CF0D2D4E32B4005C2EF7 /* Release */,
			);
			defaultConfigurationIsVisible = 0;
			defaultConfigurationName = Release;
		};
		3B81CF0E2D4E32B4005C2EF7 /* Build configuration list for PBXNativeTarget "TransactionsSample" */ = {
			isa = XCConfigurationList;
			buildConfigurations = (
				3B81CF0F2D4E32B4005C2EF7 /* Debug */,
				3B81CF102D4E32B4005C2EF7 /* Release */,
			);
			defaultConfigurationIsVisible = 0;
			defaultConfigurationName = Release;
		};
		3B81CF112D4E32B4005C2EF7 /* Build configuration list for PBXNativeTarget "TransactionsSampleTests" */ = {
			isa = XCConfigurationList;
			buildConfigurations = (
				3B81CF122D4E32B4005C2EF7 /* Debug */,
				3B81CF132D4E32B4005C2EF7 /* Release */,
			);
			defaultConfigurationIsVisible = 0;
			defaultConfigurationName = Release;
		};
		3B81CF142D4E32B4005C2EF7 /* Build configuration list for PBXNativeTarget "TransactionsSampleUITests" */ = {
			isa = XCConfigurationList;
			buildConfigurations = (
				3B81CF152D4E32B4005C2EF7 /* Debug */,
				3B81CF162D4E32B4005C2EF7 /* Release */,
			);
			defaultConfigurationIsVisible = 0;
			defaultConfigurationName = Release;
		};
/* End XCConfigurationList section */

/* Begin XCRemoteSwiftPackageReference section */
		3B81CF332D4E3543005C2EF7 /* XCRemoteSwiftPackageReference "Swinject" */ = {
			isa = XCRemoteSwiftPackageReference;
			repositoryURL = "https://github.com/Swinject/Swinject.git";
			requirement = {
				kind = upToNextMajorVersion;
				minimumVersion = 2.9.1;
			};
		};
		3B81CF362D4E3572005C2EF7 /* XCRemoteSwiftPackageReference "swift-composable-architecture" */ = {
			isa = XCRemoteSwiftPackageReference;
			repositoryURL = "https://github.com/pointfreeco/swift-composable-architecture.git";
			requirement = {
				kind = upToNextMajorVersion;
				minimumVersion = 1.17.1;
			};
		};
		3B81CF772D4F6890005C2EF7 /* XCRemoteSwiftPackageReference "Charts" */ = {
			isa = XCRemoteSwiftPackageReference;
			repositoryURL = "https://github.com/ChartsOrg/Charts.git";
			requirement = {
				kind = upToNextMajorVersion;
				minimumVersion = 5.1.0;
			};
		};
/* End XCRemoteSwiftPackageReference section */

/* Begin XCSwiftPackageProductDependency section */
		3B81CF342D4E3543005C2EF7 /* Swinject */ = {
			isa = XCSwiftPackageProductDependency;
			package = 3B81CF332D4E3543005C2EF7 /* XCRemoteSwiftPackageReference "Swinject" */;
			productName = Swinject;
		};
		3B81CF372D4E3572005C2EF7 /* ComposableArchitecture */ = {
			isa = XCSwiftPackageProductDependency;
			package = 3B81CF362D4E3572005C2EF7 /* XCRemoteSwiftPackageReference "swift-composable-architecture" */;
			productName = ComposableArchitecture;
		};
		3B81CF782D4F6890005C2EF7 /* DGCharts */ = {
			isa = XCSwiftPackageProductDependency;
			package = 3B81CF772D4F6890005C2EF7 /* XCRemoteSwiftPackageReference "Charts" */;
			productName = DGCharts;
		};
/* End XCSwiftPackageProductDependency section */
	};
	rootObject = 3B81CEE02D4E32B3005C2EF7 /* Project object */;
}
